# This file is automatically @generated by Cargo.
# It is not intended for manual editing.
version = 4

[[package]]
name = "JOI2007HO"
version = "0.1.0"
dependencies = [
 "ac-library-rs",
 "itertools",
 "num",
 "num-integer",
 "proconio",
 "rustc-hash",
 "superslice",
]

[[package]]
name = "abc002"
version = "0.1.0"
dependencies = [
 "ac-library-rs",
 "itertools",
 "num",
 "num-integer",
 "proconio",
 "rustc-hash",
 "superslice",
]

[[package]]
name = "abc006"
version = "0.1.0"
dependencies = [
 "ac-library-rs",
 "itertools",
 "num",
 "num-integer",
 "proconio",
 "rustc-hash",
 "superslice",
]

[[package]]
name = "abc007"
version = "0.1.0"
dependencies = [
 "ac-library-rs",
 "itertools",
 "num",
 "num-integer",
 "proconio",
 "rustc-hash",
 "superslice",
]

[[package]]
name = "abc012"
version = "0.1.0"
dependencies = [
 "ac-library-rs",
 "itertools",
 "num",
 "num-integer",
 "proconio",
 "rustc-hash",
 "superslice",
]

[[package]]
name = "abc014"
version = "0.1.0"
dependencies = [
 "ac-library-rs",
 "itertools",
 "num",
 "num-integer",
 "proconio",
 "rustc-hash",
 "superslice",
]

[[package]]
name = "abc021"
version = "0.1.0"
dependencies = [
 "ac-library-rs",
 "itertools",
 "num",
 "num-integer",
 "proconio",
 "rustc-hash",
 "superslice",
]

[[package]]
name = "abc023"
version = "0.1.0"
dependencies = [
 "ac-library-rs",
 "itertools",
 "num",
 "num-integer",
 "proconio",
 "rustc-hash",
 "superslice",
]

[[package]]
name = "abc034"
version = "0.1.0"
dependencies = [
 "ac-library-rs",
 "itertools",
 "num",
 "num-integer",
 "proconio",
 "rustc-hash",
 "superslice",
]

[[package]]
name = "abc045"
version = "0.1.0"
dependencies = [
 "ac-library-rs",
 "itertools",
 "num",
 "num-integer",
 "proconio",
 "rustc-hash",
 "superslice",
]

[[package]]
name = "abc051"
version = "0.1.0"
dependencies = [
 "ac-library-rs",
 "itertools",
 "num",
 "num-integer",
 "proconio",
 "rustc-hash",
 "superslice",
]

[[package]]
name = "abc054"
version = "0.1.0"
dependencies = [
 "ac-library-rs",
 "itertools",
 "num",
 "num-integer",
 "proconio",
 "rustc-hash",
 "superslice",
]

[[package]]
name = "abc065"
version = "0.1.0"
dependencies = [
 "ac-library-rs",
 "itertools",
 "num",
 "num-integer",
 "proconio",
 "rustc-hash",
 "superslice",
]

[[package]]
name = "abc071"
version = "0.1.0"
dependencies = [
 "ac-library-rs",
 "itertools",
 "num",
 "num-integer",
 "proconio",
 "rustc-hash",
 "superslice",
]

[[package]]
name = "abc073"
version = "0.1.0"
dependencies = [
 "ac-library-rs",
 "itertools",
 "num",
 "num-integer",
 "proconio",
 "rustc-hash",
 "superslice",
]

[[package]]
name = "abc074"
version = "0.1.0"
dependencies = [
 "ac-library-rs",
 "itertools",
 "num",
 "num-integer",
 "proconio",
 "rustc-hash",
 "superslice",
]

[[package]]
name = "abc075"
version = "0.1.0"
dependencies = [
 "ac-library-rs",
 "itertools",
 "num",
 "num-integer",
 "proconio",
 "rustc-hash",
 "superslice",
]

[[package]]
name = "abc077"
version = "0.1.0"
dependencies = [
 "ac-library-rs",
 "itertools",
 "num",
 "num-integer",
 "proconio",
 "rustc-hash",
 "superslice",
]

[[package]]
name = "abc079"
version = "0.1.0"
dependencies = [
 "ac-library-rs",
 "itertools",
 "num",
 "num-integer",
 "proconio",
 "rustc-hash",
 "superslice",
]

[[package]]
name = "abc084"
version = "0.1.0"
dependencies = [
 "ac-library-rs",
 "itertools",
 "num",
 "num-integer",
 "proconio",
 "rustc-hash",
 "superslice",
]

[[package]]
name = "abc088"
version = "0.1.0"
dependencies = [
 "ac-library-rs",
 "itertools",
 "num",
 "num-integer",
 "proconio",
 "rustc-hash",
 "superslice",
]

[[package]]
name = "abc095"
version = "0.1.0"
dependencies = [
 "ac-library-rs",
 "itertools",
 "num",
 "num-integer",
 "proconio",
 "rustc-hash",
 "superslice",
]

[[package]]
name = "abc099"
version = "0.1.0"
dependencies = [
 "ac-library-rs",
 "itertools",
 "num",
 "num-integer",
 "proconio",
 "rustc-hash",
 "superslice",
]

[[package]]
name = "abc106"
version = "0.1.0"
dependencies = [
 "ac-library-rs",
 "itertools",
 "num",
 "num-integer",
 "proconio",
 "rustc-hash",
 "superslice",
]

[[package]]
name = "abc120"
version = "0.1.0"
dependencies = [
 "ac-library-rs",
 "itertools",
 "num",
 "num-integer",
 "proconio",
 "rustc-hash",
 "superslice",
]

[[package]]
name = "abc122"
version = "0.1.0"
dependencies = [
 "ac-library-rs",
 "itertools",
 "num",
 "num-integer",
 "proconio",
 "rustc-hash",
 "superslice",
]

[[package]]
name = "abc128"
version = "0.1.0"
dependencies = [
 "ac-library-rs",
 "itertools",
 "num",
 "num-integer",
 "proconio",
 "rustc-hash",
 "superslice",
]

[[package]]
name = "abc134"
version = "0.1.0"
dependencies = [
 "ac-library-rs",
 "itertools",
 "num",
 "num-integer",
 "proconio",
 "rustc-hash",
 "superslice",
]

[[package]]
name = "abc138"
version = "0.1.0"
dependencies = [
 "ac-library-rs",
 "itertools",
 "num",
 "num-integer",
 "proconio",
 "rustc-hash",
 "superslice",
]

[[package]]
name = "abc139"
version = "0.1.0"
dependencies = [
 "ac-library-rs",
 "itertools",
 "num",
 "num-integer",
 "proconio",
 "rustc-hash",
 "superslice",
]

[[package]]
name = "abc141"
version = "0.1.0"
dependencies = [
 "ac-library-rs",
 "itertools",
 "num",
 "num-integer",
 "proconio",
 "rustc-hash",
 "superslice",
]

[[package]]
name = "abc142"
version = "0.1.0"
dependencies = [
 "ac-library-rs",
 "itertools",
 "num",
 "num-integer",
 "proconio",
 "rustc-hash",
 "superslice",
]

[[package]]
name = "abc143"
version = "0.1.0"
dependencies = [
 "ac-library-rs",
 "itertools",
 "num",
 "num-integer",
 "proconio",
 "rustc-hash",
 "superslice",
]

[[package]]
name = "abc144"
version = "0.1.0"
dependencies = [
 "ac-library-rs",
 "itertools",
 "num",
 "num-integer",
 "proconio",
 "rustc-hash",
 "superslice",
]

[[package]]
name = "abc145"
version = "0.1.0"
dependencies = [
 "ac-library-rs",
 "itertools",
 "num",
 "num-integer",
 "proconio",
 "rustc-hash",
 "superslice",
]

[[package]]
name = "abc149"
version = "0.1.0"
dependencies = [
 "ac-library-rs",
 "itertools",
 "num",
 "num-integer",
 "proconio",
 "rustc-hash",
 "superslice",
]

[[package]]
name = "abc150"
version = "0.1.0"
dependencies = [
 "ac-library-rs",
 "itertools",
 "num",
 "num-integer",
 "proconio",
 "rustc-hash",
 "superslice",
]

[[package]]
name = "abc153"
version = "0.1.0"
dependencies = [
 "ac-library-rs",
 "itertools",
 "num",
 "num-integer",
 "proconio",
 "rustc-hash",
 "superslice",
]

[[package]]
name = "abc156"
version = "0.1.0"
dependencies = [
 "ac-library-rs",
 "itertools",
 "num",
 "num-integer",
 "proconio",
 "rustc-hash",
 "superslice",
]

[[package]]
name = "abc168"
version = "0.1.0"
dependencies = [
 "ac-library-rs",
 "itertools",
 "num",
 "num-integer",
 "proconio",
 "rustc-hash",
 "superslice",
]

[[package]]
name = "abc180"
version = "0.1.0"
dependencies = [
 "ac-library-rs",
 "itertools",
 "num",
 "num-integer",
 "proconio",
 "rustc-hash",
 "superslice",
]

[[package]]
name = "abc183"
version = "0.1.0"
dependencies = [
 "ac-library-rs",
 "itertools",
 "num",
 "num-integer",
 "proconio",
 "rustc-hash",
 "superslice",
]

[[package]]
name = "abc198"
version = "0.1.0"
dependencies = [
 "ac-library-rs",
 "itertools",
 "num",
 "num-integer",
 "proconio",
 "rustc-hash",
 "superslice",
]

[[package]]
name = "abc199"
version = "0.1.0"
dependencies = [
 "ac-library-rs",
 "itertools",
 "num",
 "num-integer",
 "proconio",
 "rustc-hash",
 "superslice",
]

[[package]]
name = "abc218"
version = "0.1.0"
dependencies = [
 "ac-library-rs",
 "itertools",
 "num",
 "num-integer",
 "proconio",
 "rustc-hash",
 "superslice",
]

[[package]]
name = "abc284"
version = "0.1.0"
dependencies = [
 "ac-library-rs",
 "itertools",
 "num",
 "num-integer",
 "proconio",
 "rustc-hash",
 "superslice",
]

[[package]]
name = "abc340"
version = "0.1.0"
dependencies = [
 "ac-library-rs",
 "itertools",
 "num",
 "num-integer",
 "proconio",
 "rustc-hash",
 "superslice",
]

[[package]]
name = "abc428"
version = "0.1.0"
dependencies = [
 "ac-library-rs",
 "itertools",
 "num",
 "num-integer",
 "proconio",
 "rustc-hash",
 "superslice",
]

[[package]]
name = "abc474"
version = "0.1.0"
dependencies = [
 "ac-library-rs",
 "itertools",
 "num",
 "num-integer",
 "proconio",
 "rustc-hash",
 "superslice",
]

[[package]]
name = "ac-library-rs"
version = "0.2.0"
source = "registry+https://github.com/rust-lang/crates.io-index"
checksum = "f224825847080e387f2f23822f307f5b0e41f3f9d70076ea0452c7b032d603c9"

[[package]]
name = "arc054"
version = "0.1.0"
dependencies = [
 "ac-library-rs",
 "itertools",
 "num",
 "num-integer",
 "proconio",
 "rustc-hash",
 "superslice",
]

[[package]]
name = "atc001"
version = "0.1.0"
dependencies = [
 "ac-library-rs",
 "itertools",
 "num",
 "num-integer",
 "proconio",
 "rustc-hash",
 "superslice",
]

[[package]]
name = "autocfg"
version = "1.5.1"
source = "registry+https://github.com/rust-lang/crates.io-index"
checksum = "f2032f911046de80f0a198e0901378627c33f59ea0ac00e363d481118bd70a53"

[[package]]
name = "ddcc2020-qual"
version = "0.1.0"
dependencies = [
 "ac-library-rs",
 "itertools",
 "num",
 "num-integer",
 "proconio",
 "rustc-hash",
 "superslice",
]

[[package]]
name = "dp"
version = "0.1.0"
dependencies = [
 "ac-library-rs",
 "itertools",
 "num",
 "num-integer",
 "proconio",
 "rustc-hash",
 "superslice",
]

[[package]]
name = "either"
version = "1.18.0"
source = "registry+https://github.com/rust-lang/crates.io-index"
checksum = "252afb9ae5eaa683babdc6a068b3f5726eb19e05070c731f9b2a23a7c3e8ed34"

[[package]]
name = "gigacode-2019"
version = "0.1.0"
dependencies = [
 "ac-library-rs",
 "itertools",
 "num",
 "num-integer",
 "proconio",
 "rustc-hash",
 "superslice",
]

[[package]]
name = "itertools"
version = "0.14.0"
source = "registry+https://github.com/rust-lang/crates.io-index"
checksum = "2b192c782037fadd9cfa75548310488aabdbf3d2da73885b31bd0abd03351285"
dependencies = [
 "either",
]

[[package]]
name = "joi2008ho"
version = "0.1.0"
dependencies = [
 "ac-library-rs",
 "itertools",
 "num",
 "num-integer",
 "proconio",
 "rustc-hash",
 "superslice",
]

[[package]]
name = "joi2008yo"
version = "0.1.0"
dependencies = [
 "ac-library-rs",
 "itertools",
 "num",
 "num-integer",
 "proconio",
 "rustc-hash",
 "superslice",
]

[[package]]
name = "joi2009ho"
version = "0.1.0"
dependencies = [
 "ac-library-rs",
 "itertools",
 "num",
 "num-integer",
 "proconio",
 "rustc-hash",
 "superslice",
]

[[package]]
name = "joi2009yo"
version = "0.1.0"
dependencies = [
 "ac-library-rs",
 "itertools",
 "num",
 "num-integer",
 "proconio",
 "rustc-hash",
 "superslice",
]

[[package]]
name = "joi2010ho"
version = "0.1.0"
dependencies = [
 "ac-library-rs",
 "itertools",
 "num",
 "num-integer",
 "proconio",
 "rustc-hash",
 "superslice",
]

[[package]]
name = "joi2011ho"
version = "0.1.0"
dependencies = [
 "ac-library-rs",
 "itertools",
 "num",
 "num-integer",
 "proconio",
 "rustc-hash",
 "superslice",
]

[[package]]
name = "joi2011yo"
version = "0.1.0"
dependencies = [
 "ac-library-rs",
 "itertools",
 "num",
 "num-integer",
 "proconio",
 "rustc-hash",
 "superslice",
]

[[package]]
name = "joi2012ho"
version = "0.1.0"
dependencies = [
 "ac-library-rs",
 "itertools",
 "num",
 "num-integer",
 "proconio",
 "rustc-hash",
 "superslice",
]

[[package]]
name = "joi2012yo"
version = "0.1.0"
dependencies = [
 "ac-library-rs",
 "itertools",
 "num",
 "num-integer",
 "proconio",
 "rustc-hash",
 "superslice",
]

[[package]]
name = "joi2013ho"
version = "0.1.0"
dependencies = [
 "ac-library-rs",
 "itertools",
 "num",
 "num-integer",
 "proconio",
 "rustc-hash",
 "superslice",
]

[[package]]
name = "joi2013yo"
version = "0.1.0"
dependencies = [
 "ac-library-rs",
 "itertools",
 "num",
 "num-integer",
 "proconio",
 "rustc-hash",
 "superslice",
]

[[package]]
name = "joi2014yo"
version = "0.1.0"
dependencies = [
 "ac-library-rs",
 "itertools",
 "num",
 "num-integer",
 "proconio",
 "rustc-hash",
 "superslice",
]

[[package]]
name = "joi2015ho"
version = "0.1.0"
dependencies = [
 "ac-library-rs",
 "itertools",
 "num",
 "num-integer",
 "proconio",
 "rustc-hash",
 "superslice",
]

[[package]]
name = "joi2015yo"
version = "0.1.0"
dependencies = [
 "ac-library-rs",
 "itertools",
 "num",
 "num-integer",
 "proconio",
 "rustc-hash",
 "superslice",
]

[[package]]
name = "joi2016yo"
version = "0.1.0"
dependencies = [
 "ac-library-rs",
 "itertools",
 "num",
 "num-integer",
 "proconio",
 "rustc-hash",
 "superslice",
]

[[package]]
name = "joi2017yo"
version = "0.1.0"
dependencies = [
 "ac-library-rs",
 "itertools",
 "num",
 "num-integer",
 "proconio",
 "rustc-hash",
 "superslice",
]

[[package]]
name = "joisc2010"
version = "0.1.0"
dependencies = [
 "ac-library-rs",
 "itertools",
 "num",
 "num-integer",
 "proconio",
 "rustc-hash",
 "superslice",
]

[[package]]
name = "nikkei2019-final"
version = "0.1.0"
dependencies = [
 "ac-library-rs",
 "itertools",
 "num",
 "num-integer",
 "proconio",
 "rustc-hash",
 "superslice",
]

[[package]]
name = "num"
version = "0.4.3"
source = "registry+https://github.com/rust-lang/crates.io-index"
checksum = "35bd024e8b2ff75562e5f34e7f4905839deb4b22955ef5e73d2fea1b9813cb23"
dependencies = [
 "num-bigint",
 "num-complex",
 "num-integer",
 "num-iter",
 "num-rational",
 "num-traits",
]

[[package]]
name = "num-bigint"
version = "0.4.8"
source = "registry+https://github.com/rust-lang/crates.io-index"
checksum = "c89e69e7e0f03bea5ef08013795c25018e101932225a656383bd384495ecc367"
dependencies = [
 "num-integer",
 "num-traits",
]

[[package]]
name = "num-complex"
version = "0.4.6"
source = "registry+https://github.com/rust-lang/crates.io-index"
checksum = "73f88a1307638156682bada9d7604135552957b7818057dcef22705b4d509495"
dependencies = [
 "num-traits",
]

[[package]]
name = "num-integer"
version = "0.1.46"
source = "registry+https://github.com/rust-lang/crates.io-index"
checksum = "7969661fd2958a5cb096e56c8e1ad0444ac2bbcd0061bd28660485a44879858f"
dependencies = [
 "num-traits",
]

[[package]]
name = "num-iter"
version = "0.1.46"
source = "registry+https://github.com/rust-lang/crates.io-index"
checksum = "c92800bd69a1eac91786bcfe9da64a897eb72911b8dc3095decbd07429e8048b"
dependencies = [
 "num-integer",
 "num-traits",
]

[[package]]
name = "num-rational"
version = "0.4.2"
source = "registry+https://github.com/rust-lang/crates.io-index"
checksum = "f83d14da390562dca69fc84082e73e548e1ad308d24accdedd2720017cb37824"
dependencies = [
 "num-bigint",
 "num-integer",
 "num-traits",
]

[[package]]
name = "num-traits"
version = "0.2.19"
source = "registry+https://github.com/rust-lang/crates.io-index"
checksum = "071dfc062690e90b734c0b2273ce72ad0ffa95f0c74596bc250dcfd960262841"
dependencies = [
 "autocfg",
]

[[package]]
name = "pakencamp-2019-day3"
version = "0.1.0"
dependencies = [
 "ac-library-rs",
 "itertools",
 "num",
 "num-integer",
 "proconio",
 "rustc-hash",
 "superslice",
]

[[package]]
name = "proc-macro2"
version = "1.0.107"
source = "registry+https://github.com/rust-lang/crates.io-index"
checksum = "985e7ec9bb745e6ce6535b544d84d6cd6f7ad8bd711c398938ae983b91a766d9"
dependencies = [
 "unicode-ident",
]

[[package]]
name = "proconio"
version = "0.5.0"
source = "registry+https://github.com/rust-lang/crates.io-index"
checksum = "c10091de86d0dc939b37a115d74597cbe83af470032a1729d50c98ccee043cb0"
dependencies = [
 "proconio-derive",
]

[[package]]
name = "proconio-derive"
version = "0.2.1"
source = "registry+https://github.com/rust-lang/crates.io-index"
checksum = "bccfa078f1a3db6563793531989799a2201d9bdf609f48dd82620b443fbcd409"
dependencies = [
 "proc-macro2",
 "quote",
 "syn",
]

[[package]]
name = "quote"
version = "1.0.47"
source = "registry+https://github.com/rust-lang/crates.io-index"
checksum = "1fbf4db142a473a8d80c26bbf18454ed458bf8d26c8219c331daecfdbd079001"
dependencies = [
 "proc-macro2",
]

[[package]]
name = "rustc-hash"
version = "2.1.1"
source = "registry+https://github.com/rust-lang/crates.io-index"
checksum = "357703d41365b4b27c590e3ed91eabb1b663f07c4c084095e60cbed4362dff0d"

[[package]]
name = "s8pc-1"
version = "0.1.0"
dependencies = [
 "ac-library-rs",
 "itertools",
 "num",
 "num-integer",
 "proconio",
 "rustc-hash",
 "superslice",
]

[[package]]
name = "s8pc-3"
version = "0.1.0"
dependencies = [
 "ac-library-rs",
 "itertools",
 "num",
 "num-integer",
 "proconio",
 "rustc-hash",
 "superslice",
]

[[package]]
name = "s8pc-4"
version = "0.1.0"
dependencies = [
 "ac-library-rs",
 "itertools",
 "num",
 "num-integer",
 "proconio",
 "rustc-hash",
 "superslice",
]

[[package]]
name = "s8pc-5"
version = "0.1.0"
dependencies = [
 "ac-library-rs",
 "itertools",
 "num",
 "num-integer",
 "proconio",
 "rustc-hash",
 "superslice",
]

[[package]]
name = "s8pc-6"
version = "0.1.0"
dependencies = [
 "ac-library-rs",
 "itertools",
 "num",
 "num-integer",
 "proconio",
 "rustc-hash",
 "superslice",
]

[[package]]
name = "sumitrust2019"
version = "0.1.0"
dependencies = [
 "ac-library-rs",
 "itertools",
 "num",
 "num-integer",
 "proconio",
 "rustc-hash",
 "superslice",
]

[[package]]
name = "superslice"
version = "1.0.0"
source = "registry+https://github.com/rust-lang/crates.io-index"
checksum = "ab16ced94dbd8a46c82fd81e3ed9a8727dac2977ea869d217bcc4ea1f122e81f"

[[package]]
name = "syn"
version = "1.0.109"
source = "registry+https://github.com/rust-lang/crates.io-index"
checksum = "72b64191b275b66ffe2469e8af2c1cfe3bafa67b529ead792a6d0160888b4237"
dependencies = [
 "proc-macro2",
 "quote",
 "unicode-ident",
]

[[package]]
name = "tenka1-2018-beginner"
version = "0.1.0"
dependencies = [
 "ac-library-rs",
 "itertools",
 "num",
 "num-integer",
 "proconio",
 "rustc-hash",
 "superslice",
]

[[package]]
name = "unicode-ident"
version = "1.0.24"
source = "registry+https://github.com/rust-lang/crates.io-index"
checksum = "e6e4313cd5fcd3dad5cafa179702e2b244f760991f45397d14d4ebf38247da75"
